PODS:
  - Colours (5.5.0)
  - NNButton (0.1.0):
    - Colours (= 5.5.0)

DEPENDENCIES:
  - NNButton (from `../`)

EXTERNAL SOURCES:
  NNButton:
    :path: ../

SPEC CHECKSUMS:
  Colours: 46a9e057659f6c811e6ff33527a8ecb9245d4459
  NNButton: 47adb1d694fbb86693e25e9e83ec248f204c586d

COCOAPODS: 0.38.2
